
Microsoft Visual Studio Solution File, Format Version 12.00
# Visual Studio Version 17
VisualStudioVersion = 17.0.31903.59
MinimumVisualStudioVersion = 10.0.40219.1
Project("{9A19103F-16F7-4668-BE54-9A1E7A4F7556}") = "MoreMath.Core", "src\MoreMath.Core\MoreMath.Core.csproj", "{39624E2D-2DF4-45D0-8D9F-096880EE478A}"
EndProject
Project("{9A19103F-16F7-4668-BE54-9A1E7A4F7556}") = "MoreMath.Application", "src\MoreMath.Application\MoreMath.Application.csproj", "{A53FEAAF-CC0E-4E64-8E67-7CD50EBBFF28}"
EndProject
Project("{9A19103F-16F7-4668-BE54-9A1E7A4F7556}") = "MoreMath.Infrastructure", "src\MoreMath.Infrastructure\MoreMath.Infrastructure.csproj", "{D3D6A804-A99F-4AA7-9799-441C2499E73A}"
EndProject
Project("{9A19103F-16F7-4668-BE54-9A1E7A4F7556}") = "MoreMath.Api", "src\MoreMath.Api\MoreMath.Api.csproj", "{0403DDA2-93F7-4882-AA95-3993408E2BEC}"
EndProject
Project("{9A19103F-16F7-4668-BE54-9A1E7A4F7556}") = "MoreMath.Shared", "src\MoreMath.Shared\MoreMath.Shared.csproj", "{99584424-618D-4622-AB4B-E698C5E5A7F1}"
EndProject
Project("{9A19103F-16F7-4668-BE54-9A1E7A4F7556}") = "MoreMath.Dto", "src\MoreMath.Dto\MoreMath.Dto.csproj", "{AD251FD3-CF66-4CB7-A5EC-7C22F9198EEA}"
EndProject
Project("{9A19103F-16F7-4668-BE54-9A1E7A4F7556}") = "MoreMath.App", "src\MoreMath.App\MoreMath.App\MoreMath.App.csproj", "{3E7FB708-D223-4742-9226-B71B819BCF53}"
EndProject
Project("{9A19103F-16F7-4668-BE54-9A1E7A4F7556}") = "MoreMath.App.Client", "src\MoreMath.App\MoreMath.App.Client\MoreMath.App.Client.csproj", "{CCF2CB23-F16D-479A-A180-E07D96A40E4E}"
EndProject
Global
	GlobalSection(SolutionConfigurationPlatforms) = preSolution
		Debug|Any CPU = Debug|Any CPU
		Release|Any CPU = Release|Any CPU
	EndGlobalSection
	GlobalSection(ProjectConfigurationPlatforms) = postSolution
		{39624E2D-2DF4-45D0-8D9F-096880EE478A}.Debug|Any CPU.ActiveCfg = Debug|Any CPU
		{39624E2D-2DF4-45D0-8D9F-096880EE478A}.Debug|Any CPU.Build.0 = Debug|Any CPU
		{39624E2D-2DF4-45D0-8D9F-096880EE478A}.Release|Any CPU.ActiveCfg = Release|Any CPU
		{39624E2D-2DF4-45D0-8D9F-096880EE478A}.Release|Any CPU.Build.0 = Release|Any CPU
		{A53FEAAF-CC0E-4E64-8E67-7CD50EBBFF28}.Debug|Any CPU.ActiveCfg = Debug|Any CPU
		{A53FEAAF-CC0E-4E64-8E67-7CD50EBBFF28}.Debug|Any CPU.Build.0 = Debug|Any CPU
		{A53FEAAF-CC0E-4E64-8E67-7CD50EBBFF28}.Release|Any CPU.ActiveCfg = Release|Any CPU
		{A53FEAAF-CC0E-4E64-8E67-7CD50EBBFF28}.Release|Any CPU.Build.0 = Release|Any CPU
		{D3D6A804-A99F-4AA7-9799-441C2499E73A}.Debug|Any CPU.ActiveCfg = Debug|Any CPU
		{D3D6A804-A99F-4AA7-9799-441C2499E73A}.Debug|Any CPU.Build.0 = Debug|Any CPU
		{D3D6A804-A99F-4AA7-9799-441C2499E73A}.Release|Any CPU.ActiveCfg = Release|Any CPU
		{D3D6A804-A99F-4AA7-9799-441C2499E73A}.Release|Any CPU.Build.0 = Release|Any CPU
		{0403DDA2-93F7-4882-AA95-3993408E2BEC}.Debug|Any CPU.ActiveCfg = Debug|Any CPU
		{0403DDA2-93F7-4882-AA95-3993408E2BEC}.Debug|Any CPU.Build.0 = Debug|Any CPU
		{0403DDA2-93F7-4882-AA95-3993408E2BEC}.Release|Any CPU.ActiveCfg = Release|Any CPU
		{0403DDA2-93F7-4882-AA95-3993408E2BEC}.Release|Any CPU.Build.0 = Release|Any CPU
		{99584424-618D-4622-AB4B-E698C5E5A7F1}.Debug|Any CPU.ActiveCfg = Debug|Any CPU
		{99584424-618D-4622-AB4B-E698C5E5A7F1}.Debug|Any CPU.Build.0 = Debug|Any CPU
		{99584424-618D-4622-AB4B-E698C5E5A7F1}.Release|Any CPU.ActiveCfg = Release|Any CPU
		{99584424-618D-4622-AB4B-E698C5E5A7F1}.Release|Any CPU.Build.0 = Release|Any CPU
		{AD251FD3-CF66-4CB7-A5EC-7C22F9198EEA}.Debug|Any CPU.ActiveCfg = Debug|Any CPU
		{AD251FD3-CF66-4CB7-A5EC-7C22F9198EEA}.Debug|Any CPU.Build.0 = Debug|Any CPU
		{AD251FD3-CF66-4CB7-A5EC-7C22F9198EEA}.Release|Any CPU.ActiveCfg = Release|Any CPU
		{AD251FD3-CF66-4CB7-A5EC-7C22F9198EEA}.Release|Any CPU.Build.0 = Release|Any CPU
		{3E7FB708-D223-4742-9226-B71B819BCF53}.Debug|Any CPU.ActiveCfg = Debug|Any CPU
		{3E7FB708-D223-4742-9226-B71B819BCF53}.Debug|Any CPU.Build.0 = Debug|Any CPU
		{3E7FB708-D223-4742-9226-B71B819BCF53}.Release|Any CPU.ActiveCfg = Release|Any CPU
		{3E7FB708-D223-4742-9226-B71B819BCF53}.Release|Any CPU.Build.0 = Release|Any CPU
		{CCF2CB23-F16D-479A-A180-E07D96A40E4E}.Debug|Any CPU.ActiveCfg = Debug|Any CPU
		{CCF2CB23-F16D-479A-A180-E07D96A40E4E}.Debug|Any CPU.Build.0 = Debug|Any CPU
		{CCF2CB23-F16D-479A-A180-E07D96A40E4E}.Release|Any CPU.ActiveCfg = Release|Any CPU
		{CCF2CB23-F16D-479A-A180-E07D96A40E4E}.Release|Any CPU.Build.0 = Release|Any CPU
	EndGlobalSection
	GlobalSection(SolutionProperties) = preSolution
		HideSolutionNode = FALSE
	EndGlobalSection
	GlobalSection(ExtensibilityGlobals) = postSolution
		SolutionGuid = {6744281A-B8E4-4D43-9C94-8C48A39F8218}
	EndGlobalSection
EndGlobal
